
Microsoft Visual Studio Solution File, Format Version 12.00
# Visual Studio Version 16
VisualStudioVersion = 16.0.29209.62
MinimumVisualStudioVersion = 10.0.40219.1
Project("{9A19103F-16F7-4668-BE54-9A1E7A4F7556}") = "ChimeHelperUX", "ChimeHelperUX\ChimeHelperUX.csproj", "{4E17FEDD-B841-4D1A-BAD1-79C1758CD2A9}"
EndProject
Project("{9A19103F-16F7-4668-BE54-9A1E7A4F7556}") = "ChimeOutlookHelper", "ChimeOutlookHelper\ChimeOutlookHelper.csproj", "{CBCFBE2F-239F-4F18-A4FC-A59C44ECBD60}"
EndProject
Project("{2150E333-8FDC-42A3-9474-1A3956D46DE8}") = "Installer", "Installer", "{BC5F172A-A91D-4009-B8C1-D8DAE3A24750}"
	ProjectSection(SolutionItems) = preProject
		InstallScript\ChimeHelperInstaller.nsi = InstallScript\ChimeHelperInstaller.nsi
		InstallScript\ChimeHelperSetup.exe = InstallScript\ChimeHelperSetup.exe
	EndProjectSection
EndProject
Project("{9A19103F-16F7-4668-BE54-9A1E7A4F7556}") = "ChimeHelper", "ChimeHelper\ChimeHelper.csproj", "{CBCFBE2F-139F-4F18-A4FC-A59C44ECBD60}"
EndProject
Project("{2150E333-8FDC-42A3-9474-1A3956D46DE8}") = "Solution Items", "Solution Items", "{025211B9-9A01-4255-9445-E30118E9BA85}"
	ProjectSection(SolutionItems) = preProject
		.editorconfig = .editorconfig
	EndProjectSection
EndProject
Global
	GlobalSection(SolutionConfigurationPlatforms) = preSolution
		Debug|Any CPU = Debug|Any CPU
		Debug|x86 = Debug|x86
		Release|Any CPU = Release|Any CPU
		Release|x86 = Release|x86
	EndGlobalSection
	GlobalSection(ProjectConfigurationPlatforms) = postSolution
		{4E17FEDD-B841-4D1A-BAD1-79C1758CD2A9}.Debug|Any CPU.ActiveCfg = Debug|Any CPU
		{4E17FEDD-B841-4D1A-BAD1-79C1758CD2A9}.Debug|Any CPU.Build.0 = Debug|Any CPU
		{4E17FEDD-B841-4D1A-BAD1-79C1758CD2A9}.Debug|x86.ActiveCfg = Debug|Any CPU
		{4E17FEDD-B841-4D1A-BAD1-79C1758CD2A9}.Debug|x86.Build.0 = Debug|Any CPU
		{4E17FEDD-B841-4D1A-BAD1-79C1758CD2A9}.Release|Any CPU.ActiveCfg = Release|Any CPU
		{4E17FEDD-B841-4D1A-BAD1-79C1758CD2A9}.Release|Any CPU.Build.0 = Release|Any CPU
		{4E17FEDD-B841-4D1A-BAD1-79C1758CD2A9}.Release|x86.ActiveCfg = Release|Any CPU
		{4E17FEDD-B841-4D1A-BAD1-79C1758CD2A9}.Release|x86.Build.0 = Release|Any CPU
		{CBCFBE2F-239F-4F18-A4FC-A59C44ECBD60}.Debug|Any CPU.ActiveCfg = Debug|Any CPU
		{CBCFBE2F-239F-4F18-A4FC-A59C44ECBD60}.Debug|Any CPU.Build.0 = Debug|Any CPU
		{CBCFBE2F-239F-4F18-A4FC-A59C44ECBD60}.Debug|x86.ActiveCfg = Debug|Any CPU
		{CBCFBE2F-239F-4F18-A4FC-A59C44ECBD60}.Debug|x86.Build.0 = Debug|Any CPU
		{CBCFBE2F-239F-4F18-A4FC-A59C44ECBD60}.Release|Any CPU.ActiveCfg = Release|Any CPU
		{CBCFBE2F-239F-4F18-A4FC-A59C44ECBD60}.Release|Any CPU.Build.0 = Release|Any CPU
		{CBCFBE2F-239F-4F18-A4FC-A59C44ECBD60}.Release|x86.ActiveCfg = Release|Any CPU
		{CBCFBE2F-239F-4F18-A4FC-A59C44ECBD60}.Release|x86.Build.0 = Release|Any CPU
		{CBCFBE2F-139F-4F18-A4FC-A59C44ECBD60}.Debug|Any CPU.ActiveCfg = Debug|Any CPU
		{CBCFBE2F-139F-4F18-A4FC-A59C44ECBD60}.Debug|Any CPU.Build.0 = Debug|Any CPU
		{CBCFBE2F-139F-4F18-A4FC-A59C44ECBD60}.Debug|x86.ActiveCfg = Debug|Any CPU
		{CBCFBE2F-139F-4F18-A4FC-A59C44ECBD60}.Debug|x86.Build.0 = Debug|Any CPU
		{CBCFBE2F-139F-4F18-A4FC-A59C44ECBD60}.Release|Any CPU.ActiveCfg = Release|Any CPU
		{CBCFBE2F-139F-4F18-A4FC-A59C44ECBD60}.Release|Any CPU.Build.0 = Release|Any CPU
		{CBCFBE2F-139F-4F18-A4FC-A59C44ECBD60}.Release|x86.ActiveCfg = Release|Any CPU
		{CBCFBE2F-139F-4F18-A4FC-A59C44ECBD60}.Release|x86.Build.0 = Release|Any CPU
	EndGlobalSection
	GlobalSection(SolutionProperties) = preSolution
		HideSolutionNode = FALSE
	EndGlobalSection
	GlobalSection(ExtensibilityGlobals) = postSolution
		SolutionGuid = {3D5121B9-22B8-4296-A7A1-565BCD457EB3}
	EndGlobalSection
EndGlobal
